
Microsoft Visual Studio Solution File, Format Version 12.00
# Visual Studio 15
VisualStudioVersion = 15.0.26124.0
MinimumVisualStudioVersion = 15.0.26124.0
Project("{2150E333-8FDC-42A3-9474-1A3956D46DE8}") = "src", "src", "{614E7BD1-FA3E-422B-9C34-433AE9264C8A}"
EndProject
Project("{FAE04EC0-301F-11D3-BF4B-00C04F79EFBC}") = "PalTracker", "src\PalTracker\PalTracker.csproj", "{0983B84C-FDB6-4361-99BF-4C420A3322DF}"
EndProject
Project("{2150E333-8FDC-42A3-9474-1A3956D46DE8}") = "test", "test", "{16D711FB-0EA9-4456-9B32-6057EABB65B8}"
EndProject
Project("{FAE04EC0-301F-11D3-BF4B-00C04F79EFBC}") = "PalTrackerTests", "test\PalTrackerTests\PalTrackerTests.csproj", "{2F6B3C53-26C6-47CF-A1AB-24CE72412683}"
EndProject
Global
	GlobalSection(SolutionConfigurationPlatforms) = preSolution
		Debug|Any CPU = Debug|Any CPU
		Debug|x64 = Debug|x64
		Debug|x86 = Debug|x86
		Release|Any CPU = Release|Any CPU
		Release|x64 = Release|x64
		Release|x86 = Release|x86
	EndGlobalSection
	GlobalSection(SolutionProperties) = preSolution
		HideSolutionNode = FALSE
	EndGlobalSection
	GlobalSection(ProjectConfigurationPlatforms) = postSolution
		{0983B84C-FDB6-4361-99BF-4C420A3322DF}.Debug|Any CPU.ActiveCfg = Debug|Any CPU
		{0983B84C-FDB6-4361-99BF-4C420A3322DF}.Debug|Any CPU.Build.0 = Debug|Any CPU
		{0983B84C-FDB6-4361-99BF-4C420A3322DF}.Debug|x64.ActiveCfg = Debug|Any CPU
		{0983B84C-FDB6-4361-99BF-4C420A3322DF}.Debug|x64.Build.0 = Debug|Any CPU
		{0983B84C-FDB6-4361-99BF-4C420A3322DF}.Debug|x86.ActiveCfg = Debug|Any CPU
		{0983B84C-FDB6-4361-99BF-4C420A3322DF}.Debug|x86.Build.0 = Debug|Any CPU
		{0983B84C-FDB6-4361-99BF-4C420A3322DF}.Release|Any CPU.ActiveCfg = Release|Any CPU
		{0983B84C-FDB6-4361-99BF-4C420A3322DF}.Release|Any CPU.Build.0 = Release|Any CPU
		{0983B84C-FDB6-4361-99BF-4C420A3322DF}.Release|x64.ActiveCfg = Release|Any CPU
		{0983B84C-FDB6-4361-99BF-4C420A3322DF}.Release|x64.Build.0 = Release|Any CPU
		{0983B84C-FDB6-4361-99BF-4C420A3322DF}.Release|x86.ActiveCfg = Release|Any CPU
		{0983B84C-FDB6-4361-99BF-4C420A3322DF}.Release|x86.Build.0 = Release|Any CPU
		{2F6B3C53-26C6-47CF-A1AB-24CE72412683}.Debug|Any CPU.ActiveCfg = Debug|Any CPU
		{2F6B3C53-26C6-47CF-A1AB-24CE72412683}.Debug|Any CPU.Build.0 = Debug|Any CPU
		{2F6B3C53-26C6-47CF-A1AB-24CE72412683}.Debug|x64.ActiveCfg = Debug|Any CPU
		{2F6B3C53-26C6-47CF-A1AB-24CE72412683}.Debug|x64.Build.0 = Debug|Any CPU
		{2F6B3C53-26C6-47CF-A1AB-24CE72412683}.Debug|x86.ActiveCfg = Debug|Any CPU
		{2F6B3C53-26C6-47CF-A1AB-24CE72412683}.Debug|x86.Build.0 = Debug|Any CPU
		{2F6B3C53-26C6-47CF-A1AB-24CE72412683}.Release|Any CPU.ActiveCfg = Release|Any CPU
		{2F6B3C53-26C6-47CF-A1AB-24CE72412683}.Release|Any CPU.Build.0 = Release|Any CPU
		{2F6B3C53-26C6-47CF-A1AB-24CE72412683}.Release|x64.ActiveCfg = Release|Any CPU
		{2F6B3C53-26C6-47CF-A1AB-24CE72412683}.Release|x64.Build.0 = Release|Any CPU
		{2F6B3C53-26C6-47CF-A1AB-24CE72412683}.Release|x86.ActiveCfg = Release|Any CPU
		{2F6B3C53-26C6-47CF-A1AB-24CE72412683}.Release|x86.Build.0 = Release|Any CPU
	EndGlobalSection
	GlobalSection(NestedProjects) = preSolution
		{0983B84C-FDB6-4361-99BF-4C420A3322DF} = {614E7BD1-FA3E-422B-9C34-433AE9264C8A}
		{2F6B3C53-26C6-47CF-A1AB-24CE72412683} = {16D711FB-0EA9-4456-9B32-6057EABB65B8}
	EndGlobalSection
EndGlobal
